// !$*UTF8*$!
{
	archiveVersion = 1;
	classes = {
	};
	objectVersion = 50;
	objects = {

/* Begin PBXBuildFile section */
		DF0FBE6823FA4C8800DE3B80 /* Cactus_1.mtl in CopyFiles */ = {isa = PBXBuildFile; fileRef = DF0FBE6223FA4C6C00DE3B80 /* Cactus_1.mtl */; };
		DF0FBE6923FA4C8800DE3B80 /* Cactus_1.obj in CopyFiles */ = {isa = PBXBuildFile; fileRef = DF0FBE6723FA4C6C00DE3B80 /* Cactus_1.obj */; };
		DF0FBE6A23FA4C8800DE3B80 /* CommonTree_1.mtl in CopyFiles */ = {isa = PBXBuildFile; fileRef = DF0FBE5E23FA4C6C00DE3B80 /* CommonTree_1.mtl */; };
		DF0FBE6B23FA4C8800DE3B80 /* CommonTree_1.obj in CopyFiles */ = {isa = PBXBuildFile; fileRef = DF0FBE6123FA4C6C00DE3B80 /* CommonTree_1.obj */; };
		DF0FBE6C23FA4C8800DE3B80 /* Flowers.mtl in CopyFiles */ = {isa = PBXBuildFile; fileRef = DF0FBE5F23FA4C6C00DE3B80 /* Flowers.mtl */; };
		DF0FBE6D23FA4C8800DE3B80 /* Flowers.obj in CopyFiles */ = {isa = PBXBuildFile; fileRef = DF0FBE6023FA4C6C00DE3B80 /* Flowers.obj */; };
		DF0FBE6E23FA4C8800DE3B80 /* PalmTree_1.mtl in CopyFiles */ = {isa = PBXBuildFile; fileRef = DF0FBE6323FA4C6C00DE3B80 /* PalmTree_1.mtl */; };
		DF0FBE6F23FA4C8800DE3B80 /* PalmTree_1.obj in CopyFiles */ = {isa = PBXBuildFile; fileRef = DF0FBE6623FA4C6C00DE3B80 /* PalmTree_1.obj */; };
		DF0FBE7023FA4C8800DE3B80 /* PineTree_Snow_1.mtl in CopyFiles */ = {isa = PBXBuildFile; fileRef = DF0FBE6523FA4C6C00DE3B80 /* PineTree_Snow_1.mtl */; };
		DF0FBE7123FA4C8800DE3B80 /* PineTree_Snow_1.obj in CopyFiles */ = {isa = PBXBuildFile; fileRef = DF0FBE5C23FA4C6C00DE3B80 /* PineTree_Snow_1.obj */; };
		DF0FBE7223FA4C8800DE3B80 /* Rock_Snow_1.mtl in CopyFiles */ = {isa = PBXBuildFile; fileRef = DF0FBE6423FA4C6C00DE3B80 /* Rock_Snow_1.mtl */; };
		DF0FBE7323FA4C8800DE3B80 /* Rock_Snow_1.obj in CopyFiles */ = {isa = PBXBuildFile; fileRef = DF0FBE5D23FA4C6C00DE3B80 /* Rock_Snow_1.obj */; };
		DF0FBE8323FA68FC00DE3B80 /* CommonTree_4.obj in CopyFiles */ = {isa = PBXBuildFile; fileRef = DF0FBE8123FA68FB00DE3B80 /* CommonTree_4.obj */; };
		DF0FBE8423FA68FC00DE3B80 /* CommonTree_4.mtl in CopyFiles */ = {isa = PBXBuildFile; fileRef = DF0FBE8223FA68FC00DE3B80 /* CommonTree_4.mtl */; };
		DF1EED0B23F6403D001DD8D1 /* main.cpp in Sources */ = {isa = PBXBuildFile; fileRef = DF1EED0A23F6403D001DD8D1 /* main.cpp */; };
		DF1EED1723F64255001DD8D1 /* glad.c in Sources */ = {isa = PBXBuildFile; fileRef = DF1EED1623F64255001DD8D1 /* glad.c */; };
		DF1EED1923F64358001DD8D1 /* fshader.fs in CopyFiles */ = {isa = PBXBuildFile; fileRef = DF1EED1423F64255001DD8D1 /* fshader.fs */; };
		DF1EED1A23F64358001DD8D1 /* vshader.vs in CopyFiles */ = {isa = PBXBuildFile; fileRef = DF1EED1223F64255001DD8D1 /* vshader.vs */; };
		DF1EED1D23F64366001DD8D1 /* OpenGL.framework in Frameworks */ = {isa = PBXBuildFile; fileRef = DF1EED1C23F64366001DD8D1 /* OpenGL.framework */; };
		DF1EED1F23F6438E001DD8D1 /* libGLEW.2.1.0.dylib in Frameworks */ = {isa = PBXBuildFile; fileRef = DF1EED1E23F6438E001DD8D1 /* libGLEW.2.1.0.dylib */; };
		DF1EED2123F643AC001DD8D1 /* libglfw.3.3.dylib in Frameworks */ = {isa = PBXBuildFile; fileRef = DF1EED2023F643AC001DD8D1 /* libglfw.3.3.dylib */; };
/* End PBXBuildFile section */

/* Begin PBXCopyFilesBuildPhase section */
		DF1EED0523F6403D001DD8D1 /* CopyFiles */ = {
			isa = PBXCopyFilesBuildPhase;
			buildActionMask = 12;
			dstPath = "";
			dstSubfolderSpec = 16;
			files = (
				DF0FBE8323FA68FC00DE3B80 /* CommonTree_4.obj in CopyFiles */,
				DF0FBE8423FA68FC00DE3B80 /* CommonTree_4.mtl in CopyFiles */,
				DF0FBE6823FA4C8800DE3B80 /* Cactus_1.mtl in CopyFiles */,
				DF0FBE6923FA4C8800DE3B80 /* Cactus_1.obj in CopyFiles */,
				DF0FBE6A23FA4C8800DE3B80 /* CommonTree_1.mtl in CopyFiles */,
				DF0FBE6B23FA4C8800DE3B80 /* CommonTree_1.obj in CopyFiles */,
				DF0FBE6C23FA4C8800DE3B80 /* Flowers.mtl in CopyFiles */,
				DF0FBE6D23FA4C8800DE3B80 /* Flowers.obj in CopyFiles */,
				DF0FBE6E23FA4C8800DE3B80 /* PalmTree_1.mtl in CopyFiles */,
				DF0FBE6F23FA4C8800DE3B80 /* PalmTree_1.obj in CopyFiles */,
				DF0FBE7023FA4C8800DE3B80 /* PineTree_Snow_1.mtl in CopyFiles */,
				DF0FBE7123FA4C8800DE3B80 /* PineTree_Snow_1.obj in CopyFiles */,
				DF0FBE7223FA4C8800DE3B80 /* Rock_Snow_1.mtl in CopyFiles */,
				DF0FBE7323FA4C8800DE3B80 /* Rock_Snow_1.obj in CopyFiles */,
				DF1EED1923F64358001DD8D1 /* fshader.fs in CopyFiles */,
				DF1EED1A23F64358001DD8D1 /* vshader.vs in CopyFiles */,
			);
			runOnlyForDeploymentPostprocessing = 0;
		};
/* End PBXCopyFilesBuildPhase section */

/* Begin PBXFileReference section */
		DF0FBE5A23FA47C700DE3B80 /* obj_loader.h */ = {isa = PBXFileReference; lastKnownFileType = sourcecode.c.h; path = obj_loader.h; sourceTree = "<group>"; };
		DF0FBE5C23FA4C6C00DE3B80 /* PineTree_Snow_1.obj */ = {isa = PBXFileReference; fileEncoding = 4; lastKnownFileType = text; path = PineTree_Snow_1.obj; sourceTree = "<group>"; };
		DF0FBE5D23FA4C6C00DE3B80 /* Rock_Snow_1.obj */ = {isa = PBXFileReference; fileEncoding = 4; lastKnownFileType = text; path = Rock_Snow_1.obj; sourceTree = "<group>"; };
		DF0FBE5E23FA4C6C00DE3B80 /* CommonTree_1.mtl */ = {isa = PBXFileReference; fileEncoding = 4; lastKnownFileType = text; path = CommonTree_1.mtl; sourceTree = "<group>"; };
		DF0FBE5F23FA4C6C00DE3B80 /* Flowers.mtl */ = {isa = PBXFileReference; fileEncoding = 4; lastKnownFileType = text; path = Flowers.mtl; sourceTree = "<group>"; };
		DF0FBE6023FA4C6C00DE3B80 /* Flowers.obj */ = {isa = PBXFileReference; fileEncoding = 4; lastKnownFileType = text; path = Flowers.obj; sourceTree = "<group>"; };
		DF0FBE6123FA4C6C00DE3B80 /* CommonTree_1.obj */ = {isa = PBXFileReference; fileEncoding = 4; lastKnownFileType = text; path = CommonTree_1.obj; sourceTree = "<group>"; };
		DF0FBE6223FA4C6C00DE3B80 /* Cactus_1.mtl */ = {isa = PBXFileReference; fileEncoding = 4; lastKnownFileType = text; path = Cactus_1.mtl; sourceTree = "<group>"; };
		DF0FBE6323FA4C6C00DE3B80 /* PalmTree_1.mtl */ = {isa = PBXFileReference; fileEncoding = 4; lastKnownFileType = text; path = PalmTree_1.mtl; sourceTree = "<group>"; };
		DF0FBE6423FA4C6C00DE3B80 /* Rock_Snow_1.mtl */ = {isa = PBXFileReference; fileEncoding = 4; lastKnownFileType = text; path = Rock_Snow_1.mtl; sourceTree = "<group>"; };
		DF0FBE6523FA4C6C00DE3B80 /* PineTree_Snow_1.mtl */ = {isa = PBXFileReference; fileEncoding = 4; lastKnownFileType = text; path = PineTree_Snow_1.mtl; sourceTree = "<group>"; };
		DF0FBE6623FA4C6C00DE3B80 /* PalmTree_1.obj */ = {isa = PBXFileReference; fileEncoding = 4; lastKnownFileType = text; path = PalmTree_1.obj; sourceTree = "<group>"; };
		DF0FBE6723FA4C6C00DE3B80 /* Cactus_1.obj */ = {isa = PBXFileReference; fileEncoding = 4; lastKnownFileType = text; path = Cactus_1.obj; sourceTree = "<group>"; };
		DF0FBE8123FA68FB00DE3B80 /* CommonTree_4.obj */ = {isa = PBXFileReference; lastKnownFileType = text; path = CommonTree_4.obj; sourceTree = "<group>"; };
		DF0FBE8223FA68FC00DE3B80 /* CommonTree_4.mtl */ = {isa = PBXFileReference; lastKnownFileType = text; path = CommonTree_4.mtl; sourceTree = "<group>"; };
		DF0FBE8923FB0E3000DE3B80 /* tiny_obj_loader.h */ = {isa = PBXFileReference; lastKnownFileType = sourcecode.c.h; path = tiny_obj_loader.h; sourceTree = "<group>"; };
		DF1EED0723F6403D001DD8D1 /* terrain-generator */ = {isa = PBXFileReference; explicitFileType = "compiled.mach-o.executable"; includeInIndex = 0; path = "terrain-generator"; sourceTree = BUILT_PRODUCTS_DIR; };
		DF1EED0A23F6403D001DD8D1 /* main.cpp */ = {isa = PBXFileReference; lastKnownFileType = sourcecode.cpp.cpp; path = main.cpp; sourceTree = "<group>"; };
		DF1EED1123F64255001DD8D1 /* shader.h */ = {isa = PBXFileReference; fileEncoding = 4; lastKnownFileType = sourcecode.c.h; path = shader.h; sourceTree = "<group>"; };
		DF1EED1223F64255001DD8D1 /* vshader.vs */ = {isa = PBXFileReference; explicitFileType = sourcecode.glsl; fileEncoding = 4; path = vshader.vs; sourceTree = "<group>"; };
		DF1EED1423F64255001DD8D1 /* fshader.fs */ = {isa = PBXFileReference; explicitFileType = sourcecode.glsl; fileEncoding = 4; path = fshader.fs; sourceTree = "<group>"; };
		DF1EED1523F64255001DD8D1 /* camera.h */ = {isa = PBXFileReference; fileEncoding = 4; lastKnownFileType = sourcecode.c.h; path = camera.h; sourceTree = "<group>"; };
		DF1EED1623F64255001DD8D1 /* glad.c */ = {isa = PBXFileReference; fileEncoding = 4; lastKnownFileType = sourcecode.c.c; path = glad.c; sourceTree = "<group>"; };
		DF1EED1C23F64366001DD8D1 /* OpenGL.framework */ = {isa = PBXFileReference; lastKnownFileType = wrapper.framework; name = OpenGL.framework; path = System/Library/Frameworks/OpenGL.framework; sourceTree = SDKROOT; };
		DF1EED1E23F6438E001DD8D1 /* libGLEW.2.1.0.dylib */ = {isa = PBXFileReference; lastKnownFileType = "compiled.mach-o.dylib"; name = libGLEW.2.1.0.dylib; path = ../../../../../../usr/local/Cellar/glew/2.1.0_1/lib/libGLEW.2.1.0.dylib; sourceTree = "<group>"; };
		DF1EED2023F643AC001DD8D1 /* libglfw.3.3.dylib */ = {isa = PBXFileReference; lastKnownFileType = "compiled.mach-o.dylib"; name = libglfw.3.3.dylib; path = ../../../../../../usr/local/Cellar/glfw/3.3.2/lib/libglfw.3.3.dylib; sourceTree = "<group>"; };
		DF1EED2223F6442B001DD8D1 /* terrain-generator.entitlements */ = {isa = PBXFileReference; lastKnownFileType = text.plist.entitlements; path = "terrain-generator.entitlements"; sourceTree = "<group>"; };
		DF1EED2423F66D01001DD8D1 /* .gitignore */ = {isa = PBXFileReference; lastKnownFileType = text; path = .gitignore; sourceTree = "<group>"; };
		DF1EED2523F71C40001DD8D1 /* perlin.h */ = {isa = PBXFileReference; lastKnownFileType = sourcecode.c.h; path = perlin.h; sourceTree = "<group>"; };
		DF1EED2623F78526001DD8D1 /* demo.gif */ = {isa = PBXFileReference; lastKnownFileType = image.gif; path = demo.gif; sourceTree = "<group>"; };
		DF1EED2723F7854E001DD8D1 /* README.md */ = {isa = PBXFileReference; lastKnownFileType = net.daringfireball.markdown; path = README.md; sourceTree = "<group>"; };
/* End PBXFileReference section */

/* Begin PBXFrameworksBuildPhase section */
		DF1EED0423F6403D001DD8D1 /* Frameworks */ = {
			isa = PBXFrameworksBuildPhase;
			buildActionMask = 2147483647;
			files = (
				DF1EED2123F643AC001DD8D1 /* libglfw.3.3.dylib in Frameworks */,
				DF1EED1F23F6438E001DD8D1 /* libGLEW.2.1.0.dylib in Frameworks */,
				DF1EED1D23F64366001DD8D1 /* OpenGL.framework in Frameworks */,
			);
			runOnlyForDeploymentPostprocessing = 0;
		};
/* End PBXFrameworksBuildPhase section */

/* Begin PBXGroup section */
		DF0FBE8823FAFF1200DE3B80 /* obj */ = {
			isa = PBXGroup;
			children = (
				DF0FBE8123FA68FB00DE3B80 /* CommonTree_4.obj */,
				DF0FBE6223FA4C6C00DE3B80 /* Cactus_1.mtl */,
				DF0FBE6723FA4C6C00DE3B80 /* Cactus_1.obj */,
				DF0FBE5E23FA4C6C00DE3B80 /* CommonTree_1.mtl */,
				DF0FBE6123FA4C6C00DE3B80 /* CommonTree_1.obj */,
				DF0FBE5F23FA4C6C00DE3B80 /* Flowers.mtl */,
				DF0FBE6023FA4C6C00DE3B80 /* Flowers.obj */,
				DF0FBE6323FA4C6C00DE3B80 /* PalmTree_1.mtl */,
				DF0FBE6623FA4C6C00DE3B80 /* PalmTree_1.obj */,
				DF0FBE6523FA4C6C00DE3B80 /* PineTree_Snow_1.mtl */,
				DF0FBE5C23FA4C6C00DE3B80 /* PineTree_Snow_1.obj */,
				DF0FBE6423FA4C6C00DE3B80 /* Rock_Snow_1.mtl */,
				DF0FBE5D23FA4C6C00DE3B80 /* Rock_Snow_1.obj */,
				DF0FBE8223FA68FC00DE3B80 /* CommonTree_4.mtl */,
			);
			path = obj;
			sourceTree = "<group>";
		};
		DF0FBE8D23FB32B600DE3B80 /* shaders */ = {
			isa = PBXGroup;
			children = (
				DF1EED1423F64255001DD8D1 /* fshader.fs */,
				DF1EED1223F64255001DD8D1 /* vshader.vs */,
			);
			path = shaders;
			sourceTree = "<group>";
		};
		DF1EECFE23F6403D001DD8D1 = {
			isa = PBXGroup;
			children = (
				DF0FBE8D23FB32B600DE3B80 /* shaders */,
				DF1EED2223F6442B001DD8D1 /* terrain-generator.entitlements */,
				DF1EED0A23F6403D001DD8D1 /* main.cpp */,
				DF0FBE8823FAFF1200DE3B80 /* obj */,
				DF0FBE5A23FA47C700DE3B80 /* obj_loader.h */,
				DF0FBE8923FB0E3000DE3B80 /* tiny_obj_loader.h */,
				DF1EED2523F71C40001DD8D1 /* perlin.h */,
				DF1EED2423F66D01001DD8D1 /* .gitignore */,
				DF1EED0823F6403D001DD8D1 /* Products */,
				DF1EED1523F64255001DD8D1 /* camera.h */,
				DF1EED1623F64255001DD8D1 /* glad.c */,
				DF1EED1123F64255001DD8D1 /* shader.h */,
				DF1EED2623F78526001DD8D1 /* demo.gif */,
				DF1EED2723F7854E001DD8D1 /* README.md */,
				DF1EED1B23F64366001DD8D1 /* Frameworks */,
			);
			sourceTree = "<group>";
		};
		DF1EED0823F6403D001DD8D1 /* Products */ = {
			isa = PBXGroup;
			children = (
				DF1EED0723F6403D001DD8D1 /* terrain-generator */,
			);
			name = Products;
			sourceTree = "<group>";
		};
		DF1EED1B23F64366001DD8D1 /* Frameworks */ = {
			isa = PBXGroup;
			children = (
				DF1EED2023F643AC001DD8D1 /* libglfw.3.3.dylib */,
				DF1EED1E23F6438E001DD8D1 /* libGLEW.2.1.0.dylib */,
				DF1EED1C23F64366001DD8D1 /* OpenGL.framework */,
			);
			name = Frameworks;
			sourceTree = "<group>";
		};
/* End PBXGroup section */

/* Begin PBXNativeTarget section */
		DF1EED0623F6403D001DD8D1 /* terrain-generator */ = {
			isa = PBXNativeTarget;
			buildConfigurationList = DF1EED0E23F6403D001DD8D1 /* Build configuration list for PBXNativeTarget "terrain-generator" */;
			buildPhases = (
				DF1EED0323F6403D001DD8D1 /* Sources */,
				DF1EED0423F6403D001DD8D1 /* Frameworks */,
				DF1EED0523F6403D001DD8D1 /* CopyFiles */,
			);
			buildRules = (
			);
			dependencies = (
			);
			name = "terrain-generator";
			productName = "terrain-generator";
			productReference = DF1EED0723F6403D001DD8D1 /* terrain-generator */;
			productType = "com.apple.product-type.tool";
		};
/* End PBXNativeTarget section */

/* Begin PBXProject section */
		DF1EECFF23F6403D001DD8D1 /* Project object */ = {
			isa = PBXProject;
			attributes = {
				LastUpgradeCheck = 1130;
				ORGANIZATIONNAME = "Liam Hinzman";
				TargetAttributes = {
					DF1EED0623F6403D001DD8D1 = {
						CreatedOnToolsVersion = 11.3.1;
					};
				};
			};
			buildConfigurationList = DF1EED0223F6403D001DD8D1 /* Build configuration list for PBXProject "terrain-generator" */;
			compatibilityVersion = "Xcode 9.3";
			developmentRegion = en;
			hasScannedForEncodings = 0;
			knownRegions = (
				en,
				Base,
			);
			mainGroup = DF1EECFE23F6403D001DD8D1;
			productRefGroup = DF1EED0823F6403D001DD8D1 /* Products */;
			projectDirPath = "";
			projectRoot = "";
			targets = (
				DF1EED0623F6403D001DD8D1 /* terrain-generator */,
			);
		};
/* End PBXProject section */

/* Begin PBXSourcesBuildPhase section */
		DF1EED0323F6403D001DD8D1 /* Sources */ = {
			isa = PBXSourcesBuildPhase;
			buildActionMask = 2147483647;
			files = (
				DF1EED0B23F6403D001DD8D1 /* main.cpp in Sources */,
				DF1EED1723F64255001DD8D1 /* glad.c in Sources */,
			);
			runOnlyForDeploymentPostprocessing = 0;
		};
/* End PBXSourcesBuildPhase section */

/* Begin XCBuildConfiguration section */
		DF1EED0C23F6403D001DD8D1 /* Debug */ = {
			isa = XCBuildConfiguration;
			buildSettings = {
				ALWAYS_SEARCH_USER_PATHS = NO;
				CLANG_ANALYZER_NONNULL = YES;
				CLANG_ANALYZER_NUMBER_OBJECT_CONVERSION = YES_AGGRESSIVE;
				CLANG_CXX_LANGUAGE_STANDARD = "gnu++14";
				CLANG_CXX_LIBRARY = "libc++";
				CLANG_ENABLE_MODULES = YES;
				CLANG_ENABLE_OBJC_ARC = YES;
				CLANG_ENABLE_OBJC_WEAK = YES;
				CLANG_WARN_BLOCK_CAPTURE_AUTORELEASING = YES;
				CLANG_WARN_BOOL_CONVERSION = YES;
				CLANG_WARN_COMMA = YES;
				CLANG_WARN_CONSTANT_CONVERSION = YES;
				CLANG_WARN_DEPRECATED_OBJC_IMPLEMENTATIONS = YES;
				CLANG_WARN_DIRECT_OBJC_ISA_USAGE = YES_ERROR;
				CLANG_WARN_DOCUMENTATION_COMMENTS = YES;
				CLANG_WARN_EMPTY_BODY = YES;
				CLANG_WARN_ENUM_CONVERSION = YES;
				CLANG_WARN_INFINITE_RECURSION = YES;
				CLANG_WARN_INT_CONVERSION = YES;
				CLANG_WARN_NON_LITERAL_NULL_CONVERSION = YES;
				CLANG_WARN_OBJC_IMPLICIT_RETAIN_SELF = YES;
				CLANG_WARN_OBJC_LITERAL_CONVERSION = YES;
				CLANG_WARN_OBJC_ROOT_CLASS = YES_ERROR;
				CLANG_WARN_RANGE_LOOP_ANALYSIS = YES;
				CLANG_WARN_STRICT_PROTOTYPES = YES;
				CLANG_WARN_SUSPICIOUS_MOVE = YES;
				CLANG_WARN_UNGUARDED_AVAILABILITY = YES_AGGRESSIVE;
				CLANG_WARN_UNREACHABLE_CODE = YES;
				CLANG_WARN__DUPLICATE_METHOD_MATCH = YES;
				COPY_PHASE_STRIP = NO;
				DEBUG_INFORMATION_FORMAT = dwarf;
				ENABLE_STRICT_OBJC_MSGSEND = YES;
				ENABLE_TESTABILITY = YES;
				GCC_C_LANGUAGE_STANDARD = gnu11;
				GCC_DYNAMIC_NO_PIC = NO;
				GCC_NO_COMMON_BLOCKS = YES;
				GCC_OPTIMIZATION_LEVEL = 0;
				GCC_PREPROCESSOR_DEFINITIONS = (
					"DEBUG=1",
					"$(inherited)",
				);
				GCC_WARN_64_TO_32_BIT_CONVERSION = YES;
				GCC_WARN_ABOUT_RETURN_TYPE = YES_ERROR;
				GCC_WARN_UNDECLARED_SELECTOR = YES;
				GCC_WARN_UNINITIALIZED_AUTOS = YES_AGGRESSIVE;
				GCC_WARN_UNUSED_FUNCTION = YES;
				GCC_WARN_UNUSED_VARIABLE = YES;
				MACOSX_DEPLOYMENT_TARGET = 10.15;
				MTL_ENABLE_DEBUG_INFO = INCLUDE_SOURCE;
				MTL_FAST_MATH = YES;
				ONLY_ACTIVE_ARCH = YES;
				SDKROOT = macosx;
			};
			name = Debug;
		};
		DF1EED0D23F6403D001DD8D1 /* Release */ = {
			isa = XCBuildConfiguration;
			buildSettings = {
				ALWAYS_SEARCH_USER_PATHS = NO;
				CLANG_ANALYZER_NONNULL = YES;
				CLANG_ANALYZER_NUMBER_OBJECT_CONVERSION = YES_AGGRESSIVE;
				CLANG_CXX_LANGUAGE_STANDARD = "gnu++14";
				CLANG_CXX_LIBRARY = "libc++";
				CLANG_ENABLE_MODULES = YES;
				CLANG_ENABLE_OBJC_ARC = YES;
				CLANG_ENABLE_OBJC_WEAK = YES;
				CLANG_WARN_BLOCK_CAPTURE_AUTORELEASING = YES;
				CLANG_WARN_BOOL_CONVERSION = YES;
				CLANG_WARN_COMMA = YES;
				CLANG_WARN_CONSTANT_CONVERSION = YES;
				CLANG_WARN_DEPRECATED_OBJC_IMPLEMENTATIONS = YES;
				CLANG_WARN_DIRECT_OBJC_ISA_USAGE = YES_ERROR;
				CLANG_WARN_DOCUMENTATION_COMMENTS = YES;
				CLANG_WARN_EMPTY_BODY = YES;
				CLANG_WARN_ENUM_CONVERSION = YES;
				CLANG_WARN_INFINITE_RECURSION = YES;
				CLANG_WARN_INT_CONVERSION = YES;
				CLANG_WARN_NON_LITERAL_NULL_CONVERSION = YES;
				CLANG_WARN_OBJC_IMPLICIT_RETAIN_SELF = YES;
				CLANG_WARN_OBJC_LITERAL_CONVERSION = YES;
				CLANG_WARN_OBJC_ROOT_CLASS = YES_ERROR;
				CLANG_WARN_RANGE_LOOP_ANALYSIS = YES;
				CLANG_WARN_STRICT_PROTOTYPES = YES;
				CLANG_WARN_SUSPICIOUS_MOVE = YES;
				CLANG_WARN_UNGUARDED_AVAILABILITY = YES_AGGRESSIVE;
				CLANG_WARN_UNREACHABLE_CODE = YES;
				CLANG_WARN__DUPLICATE_METHOD_MATCH = YES;
				COPY_PHASE_STRIP = NO;
				DEBUG_INFORMATION_FORMAT = "dwarf-with-dsym";
				ENABLE_NS_ASSERTIONS = NO;
				ENABLE_STRICT_OBJC_MSGSEND = YES;
				GCC_C_LANGUAGE_STANDARD = gnu11;
				GCC_NO_COMMON_BLOCKS = YES;
				GCC_WARN_64_TO_32_BIT_CONVERSION = YES;
				GCC_WARN_ABOUT_RETURN_TYPE = YES_ERROR;
				GCC_WARN_UNDECLARED_SELECTOR = YES;
				GCC_WARN_UNINITIALIZED_AUTOS = YES_AGGRESSIVE;
				GCC_WARN_UNUSED_FUNCTION = YES;
				GCC_WARN_UNUSED_VARIABLE = YES;
				MACOSX_DEPLOYMENT_TARGET = 10.15;
				MTL_ENABLE_DEBUG_INFO = NO;
				MTL_FAST_MATH = YES;
				SDKROOT = macosx;
			};
			name = Release;
		};
		DF1EED0F23F6403D001DD8D1 /* Debug */ = {
			isa = XCBuildConfiguration;
			buildSettings = {
				CODE_SIGN_ENTITLEMENTS = "terrain-generator.entitlements";
				CODE_SIGN_STYLE = Automatic;
				DEVELOPMENT_TEAM = B8P6FU425R;
				ENABLE_HARDENED_RUNTIME = NO;
				HEADER_SEARCH_PATHS = (
					/usr/local/include,
					/usr/local/include/imgui,
				);
				LIBRARY_SEARCH_PATHS = (
					"$(inherited)",
					/usr/local/Cellar/glew/2.1.0_1/lib,
					/usr/local/Cellar/glfw/3.3.2/lib,
				);
				PRODUCT_NAME = "$(TARGET_NAME)";
			};
			name = Debug;
		};
		DF1EED1023F6403D001DD8D1 /* Release */ = {
			isa = XCBuildConfiguration;
			buildSettings = {
				CODE_SIGN_ENTITLEMENTS = "terrain-generator.entitlements";
				CODE_SIGN_STYLE = Automatic;
				DEVELOPMENT_TEAM = B8P6FU425R;
				ENABLE_HARDENED_RUNTIME = NO;
				HEADER_SEARCH_PATHS = (
					/usr/local/include,
					/usr/local/include/imgui,
				);
				LIBRARY_SEARCH_PATHS = (
					"$(inherited)",
					/usr/local/Cellar/glew/2.1.0_1/lib,
					/usr/local/Cellar/glfw/3.3.2/lib,
				);
				PRODUCT_NAME = "$(TARGET_NAME)";
			};
			name = Release;
		};
/* End XCBuildConfiguration section */

/* Begin XCConfigurationList section */
		DF1EED0223F6403D001DD8D1 /* Build configuration list for PBXProject "terrain-generator" */ = {
			isa = XCConfigurationList;
			buildConfigurations = (
				DF1EED0C23F6403D001DD8D1 /* Debug */,
				DF1EED0D23F6403D001DD8D1 /* Release */,
			);
			defaultConfigurationIsVisible = 0;
			defaultConfigurationName = Release;
		};
		DF1EED0E23F6403D001DD8D1 /* Build configuration list for PBXNativeTarget "terrain-generator" */ = {
			isa = XCConfigurationList;
			buildConfigurations = (
				DF1EED0F23F6403D001DD8D1 /* Debug */,
				DF1EED1023F6403D001DD8D1 /* Release */,
			);
			defaultConfigurationIsVisible = 0;
			defaultConfigurationName = Release;
		};
/* End XCConfigurationList section */
	};
	rootObject = DF1EECFF23F6403D001DD8D1 /* Project object */;
}
